
Microsoft Visual Studio Solution File, Format Version 12.00
# Visual Studio Version 16
VisualStudioVersion = 16.0.32106.194
MinimumVisualStudioVersion = 10.0.40219.1
Project("{FAE04EC0-301F-11D3-BF4B-00C04F79EFBC}") = "WindowsFormsAppUsers", "WindowsFormsAppUsers\WindowsFormsAppUsers.csproj", "{D75ABE4F-2ABC-48FC-8CB6-6BFD8E346BAE}"
EndProject
Global
	GlobalSection(SolutionConfigurationPlatforms) = preSolution
		Debug|Any CPU = Debug|Any CPU
		Release|Any CPU = Release|Any CPU
	EndGlobalSection
	GlobalSection(ProjectConfigurationPlatforms) = postSolution
		{D75ABE4F-2ABC-48FC-8CB6-6BFD8E346BAE}.Debug|Any CPU.ActiveCfg = Debug|Any CPU
		{D75ABE4F-2ABC-48FC-8CB6-6BFD8E346BAE}.Debug|Any CPU.Build.0 = Debug|Any CPU
		{D75ABE4F-2ABC-48FC-8CB6-6BFD8E346BAE}.Release|Any CPU.ActiveCfg = Release|Any CPU
		{D75ABE4F-2ABC-48FC-8CB6-6BFD8E346BAE}.Release|Any CPU.Build.0 = Release|Any CPU
	EndGlobalSection
	GlobalSection(SolutionProperties) = preSolution
		HideSolutionNode = FALSE
	EndGlobalSection
	GlobalSection(ExtensibilityGlobals) = postSolution
		SolutionGuid = {07557E0F-EA40-4EDF-86A8-61AC3FC5761D}
	EndGlobalSection
EndGlobal
